
Microsoft Visual Studio Solution File, Format Version 12.00
# Visual Studio Version 17
VisualStudioVersion = 17.13.35931.197
MinimumVisualStudioVersion = 10.0.40219.1
Project("{FAE04EC0-301F-11D3-BF4B-00C04F79EFBC}") = "Connectiq.AppHost", "Connectiq.AppHost\Connectiq.AppHost.csproj", "{E52CC739-0EFF-4AB4-3169-3ACB13D102BE}"
EndProject
Project("{FAE04EC0-301F-11D3-BF4B-00C04F79EFBC}") = "Connectiq.ServiceDefaults", "Connectiq.ServiceDefaults\Connectiq.ServiceDefaults.csproj", "{A539D93C-7298-AA0F-E22A-2C823674408D}"
EndProject
Project("{2150E333-8FDC-42A3-9474-1A3956D46DE8}") = "shared", "shared", "{02EA681E-C7D8-13C7-8484-4AC65E1B71E8}"
EndProject
Project("{2150E333-8FDC-42A3-9474-1A3956D46DE8}") = "workers", "workers", "{753A0980-A4E9-420C-8468-591BC6C838A9}"
EndProject
Project("{FAE04EC0-301F-11D3-BF4B-00C04F79EFBC}") = "CustomerWorker", "CustomerWorker\CustomerWorker.csproj", "{A99056A4-C0D2-4C09-AA04-5F4AFD488517}"
EndProject
Project("{FAE04EC0-301F-11D3-BF4B-00C04F79EFBC}") = "Connectiq.Contracts", "Connectiq.Contracts\Connectiq.Contracts.csproj", "{A989ACE0-9FC6-490B-9D45-FC621BEE062E}"
EndProject
Project("{FAE04EC0-301F-11D3-BF4B-00C04F79EFBC}") = "PersistenceWorker", "PersistenceWorker\PersistenceWorker.csproj", "{B6BA9BFA-12BC-4D16-BC86-75CE814B9B68}"
EndProject
Project("{FAE04EC0-301F-11D3-BF4B-00C04F79EFBC}") = "DatabaseWorker", "DatabaseWorker\DatabaseWorker.csproj", "{4CAA93A6-9A79-44FD-BBC5-89C5B75964CD}"
EndProject
Project("{FAE04EC0-301F-11D3-BF4B-00C04F79EFBC}") = "Connectiq.API", "Connectiq.API\Connectiq.API.csproj", "{C136105A-398A-4D6E-9408-1EDB24ADE600}"
EndProject
Project("{2150E333-8FDC-42A3-9474-1A3956D46DE8}") = "src", "src", "{D0281B2B-F53F-43D7-9B4D-54D84CDE2893}"
EndProject
Project("{2150E333-8FDC-42A3-9474-1A3956D46DE8}") = "tests", "tests", "{943C1A0B-48D0-4A86-9F3E-8DFEF5405D1B}"
EndProject
Project("{FAE04EC0-301F-11D3-BF4B-00C04F79EFBC}") = "Connectiq.CustomerWorker.UnitTests", "tests\workers\Connectiq.CustomerWorker.UnitTests\Connectiq.CustomerWorker.UnitTests.csproj", "{95698ED9-D07D-4C70-A94C-F770B9421F72}"
EndProject
Project("{2150E333-8FDC-42A3-9474-1A3956D46DE8}") = "workers", "workers", "{FD60130E-5A90-48DB-B787-5F8DE23774B7}"
EndProject
Project("{2150E333-8FDC-42A3-9474-1A3956D46DE8}") = "shared", "shared", "{9C9F40AE-F011-48EF-B192-B4BA1574E53B}"
EndProject
Project("{FAE04EC0-301F-11D3-BF4B-00C04F79EFBC}") = "Connectiq.Contracts.UnitTests", "tests\shared\Connectiq.Contracts.UnitTests\Connectiq.Contracts.UnitTests.csproj", "{574D4CAE-1AB3-4E4A-BA87-D3842EDAFC7A}"
EndProject
Project("{FAE04EC0-301F-11D3-BF4B-00C04F79EFBC}") = "Connectiq.Tests.Utilities", "tests\shared\Connectiq.Test.Utilities\Connectiq.Tests.Utilities.csproj", "{5EB7447E-8A71-7DF9-8CEA-B4B61732F7C5}"
EndProject
Project("{FAE04EC0-301F-11D3-BF4B-00C04F79EFBC}") = "Connectiq.PersistenceWorker.UnitTests", "tests\workers\Connectiq.PersistenceWorker.UnitTests\Connectiq.PersistenceWorker.UnitTests.csproj", "{DD26486E-227F-4654-9E18-2E68975E9E70}"
EndProject
Project("{FAE04EC0-301F-11D3-BF4B-00C04F79EFBC}") = "Connectiq.API.UnitTests", "tests\Connectiq.API.UnitTests\Connectiq.API.UnitTests.csproj", "{4E3E90B9-0A69-48D6-9D77-EB01F7AA2006}"
EndProject
Global
	GlobalSection(SolutionConfigurationPlatforms) = preSolution
		Debug|Any CPU = Debug|Any CPU
		Release|Any CPU = Release|Any CPU
	EndGlobalSection
	GlobalSection(ProjectConfigurationPlatforms) = postSolution
		{E52CC739-0EFF-4AB4-3169-3ACB13D102BE}.Debug|Any CPU.ActiveCfg = Debug|Any CPU
		{E52CC739-0EFF-4AB4-3169-3ACB13D102BE}.Debug|Any CPU.Build.0 = Debug|Any CPU
		{E52CC739-0EFF-4AB4-3169-3ACB13D102BE}.Release|Any CPU.ActiveCfg = Release|Any CPU
		{E52CC739-0EFF-4AB4-3169-3ACB13D102BE}.Release|Any CPU.Build.0 = Release|Any CPU
		{A539D93C-7298-AA0F-E22A-2C823674408D}.Debug|Any CPU.ActiveCfg = Debug|Any CPU
		{A539D93C-7298-AA0F-E22A-2C823674408D}.Debug|Any CPU.Build.0 = Debug|Any CPU
		{A539D93C-7298-AA0F-E22A-2C823674408D}.Release|Any CPU.ActiveCfg = Release|Any CPU
		{A539D93C-7298-AA0F-E22A-2C823674408D}.Release|Any CPU.Build.0 = Release|Any CPU
		{A99056A4-C0D2-4C09-AA04-5F4AFD488517}.Debug|Any CPU.ActiveCfg = Debug|Any CPU
		{A99056A4-C0D2-4C09-AA04-5F4AFD488517}.Debug|Any CPU.Build.0 = Debug|Any CPU
		{A99056A4-C0D2-4C09-AA04-5F4AFD488517}.Release|Any CPU.ActiveCfg = Release|Any CPU
		{A99056A4-C0D2-4C09-AA04-5F4AFD488517}.Release|Any CPU.Build.0 = Release|Any CPU
		{A989ACE0-9FC6-490B-9D45-FC621BEE062E}.Debug|Any CPU.ActiveCfg = Debug|Any CPU
		{A989ACE0-9FC6-490B-9D45-FC621BEE062E}.Debug|Any CPU.Build.0 = Debug|Any CPU
		{A989ACE0-9FC6-490B-9D45-FC621BEE062E}.Release|Any CPU.ActiveCfg = Release|Any CPU
		{A989ACE0-9FC6-490B-9D45-FC621BEE062E}.Release|Any CPU.Build.0 = Release|Any CPU
		{B6BA9BFA-12BC-4D16-BC86-75CE814B9B68}.Debug|Any CPU.ActiveCfg = Debug|Any CPU
		{B6BA9BFA-12BC-4D16-BC86-75CE814B9B68}.Debug|Any CPU.Build.0 = Debug|Any CPU
		{B6BA9BFA-12BC-4D16-BC86-75CE814B9B68}.Release|Any CPU.ActiveCfg = Release|Any CPU
		{B6BA9BFA-12BC-4D16-BC86-75CE814B9B68}.Release|Any CPU.Build.0 = Release|Any CPU
		{4CAA93A6-9A79-44FD-BBC5-89C5B75964CD}.Debug|Any CPU.ActiveCfg = Debug|Any CPU
		{4CAA93A6-9A79-44FD-BBC5-89C5B75964CD}.Debug|Any CPU.Build.0 = Debug|Any CPU
		{4CAA93A6-9A79-44FD-BBC5-89C5B75964CD}.Release|Any CPU.ActiveCfg = Release|Any CPU
		{4CAA93A6-9A79-44FD-BBC5-89C5B75964CD}.Release|Any CPU.Build.0 = Release|Any CPU
		{C136105A-398A-4D6E-9408-1EDB24ADE600}.Debug|Any CPU.ActiveCfg = Debug|Any CPU
		{C136105A-398A-4D6E-9408-1EDB24ADE600}.Debug|Any CPU.Build.0 = Debug|Any CPU
		{C136105A-398A-4D6E-9408-1EDB24ADE600}.Release|Any CPU.ActiveCfg = Release|Any CPU
		{C136105A-398A-4D6E-9408-1EDB24ADE600}.Release|Any CPU.Build.0 = Release|Any CPU
		{95698ED9-D07D-4C70-A94C-F770B9421F72}.Debug|Any CPU.ActiveCfg = Debug|Any CPU
		{95698ED9-D07D-4C70-A94C-F770B9421F72}.Debug|Any CPU.Build.0 = Debug|Any CPU
		{95698ED9-D07D-4C70-A94C-F770B9421F72}.Release|Any CPU.ActiveCfg = Release|Any CPU
		{95698ED9-D07D-4C70-A94C-F770B9421F72}.Release|Any CPU.Build.0 = Release|Any CPU
		{574D4CAE-1AB3-4E4A-BA87-D3842EDAFC7A}.Debug|Any CPU.ActiveCfg = Debug|Any CPU
		{574D4CAE-1AB3-4E4A-BA87-D3842EDAFC7A}.Debug|Any CPU.Build.0 = Debug|Any CPU
		{574D4CAE-1AB3-4E4A-BA87-D3842EDAFC7A}.Release|Any CPU.ActiveCfg = Release|Any CPU
		{574D4CAE-1AB3-4E4A-BA87-D3842EDAFC7A}.Release|Any CPU.Build.0 = Release|Any CPU
		{5EB7447E-8A71-7DF9-8CEA-B4B61732F7C5}.Debug|Any CPU.ActiveCfg = Debug|Any CPU
		{5EB7447E-8A71-7DF9-8CEA-B4B61732F7C5}.Debug|Any CPU.Build.0 = Debug|Any CPU
		{5EB7447E-8A71-7DF9-8CEA-B4B61732F7C5}.Release|Any CPU.ActiveCfg = Release|Any CPU
		{5EB7447E-8A71-7DF9-8CEA-B4B61732F7C5}.Release|Any CPU.Build.0 = Release|Any CPU
		{DD26486E-227F-4654-9E18-2E68975E9E70}.Debug|Any CPU.ActiveCfg = Debug|Any CPU
		{DD26486E-227F-4654-9E18-2E68975E9E70}.Debug|Any CPU.Build.0 = Debug|Any CPU
		{DD26486E-227F-4654-9E18-2E68975E9E70}.Release|Any CPU.ActiveCfg = Release|Any CPU
		{DD26486E-227F-4654-9E18-2E68975E9E70}.Release|Any CPU.Build.0 = Release|Any CPU
		{4E3E90B9-0A69-48D6-9D77-EB01F7AA2006}.Debug|Any CPU.ActiveCfg = Debug|Any CPU
		{4E3E90B9-0A69-48D6-9D77-EB01F7AA2006}.Debug|Any CPU.Build.0 = Debug|Any CPU
		{4E3E90B9-0A69-48D6-9D77-EB01F7AA2006}.Release|Any CPU.ActiveCfg = Release|Any CPU
		{4E3E90B9-0A69-48D6-9D77-EB01F7AA2006}.Release|Any CPU.Build.0 = Release|Any CPU
	EndGlobalSection
	GlobalSection(SolutionProperties) = preSolution
		HideSolutionNode = FALSE
	EndGlobalSection
	GlobalSection(NestedProjects) = preSolution
		{E52CC739-0EFF-4AB4-3169-3ACB13D102BE} = {D0281B2B-F53F-43D7-9B4D-54D84CDE2893}
		{A539D93C-7298-AA0F-E22A-2C823674408D} = {D0281B2B-F53F-43D7-9B4D-54D84CDE2893}
		{02EA681E-C7D8-13C7-8484-4AC65E1B71E8} = {D0281B2B-F53F-43D7-9B4D-54D84CDE2893}
		{753A0980-A4E9-420C-8468-591BC6C838A9} = {D0281B2B-F53F-43D7-9B4D-54D84CDE2893}
		{A99056A4-C0D2-4C09-AA04-5F4AFD488517} = {753A0980-A4E9-420C-8468-591BC6C838A9}
		{A989ACE0-9FC6-490B-9D45-FC621BEE062E} = {02EA681E-C7D8-13C7-8484-4AC65E1B71E8}
		{B6BA9BFA-12BC-4D16-BC86-75CE814B9B68} = {753A0980-A4E9-420C-8468-591BC6C838A9}
		{4CAA93A6-9A79-44FD-BBC5-89C5B75964CD} = {753A0980-A4E9-420C-8468-591BC6C838A9}
		{C136105A-398A-4D6E-9408-1EDB24ADE600} = {D0281B2B-F53F-43D7-9B4D-54D84CDE2893}
		{95698ED9-D07D-4C70-A94C-F770B9421F72} = {FD60130E-5A90-48DB-B787-5F8DE23774B7}
		{FD60130E-5A90-48DB-B787-5F8DE23774B7} = {943C1A0B-48D0-4A86-9F3E-8DFEF5405D1B}
		{9C9F40AE-F011-48EF-B192-B4BA1574E53B} = {943C1A0B-48D0-4A86-9F3E-8DFEF5405D1B}
		{574D4CAE-1AB3-4E4A-BA87-D3842EDAFC7A} = {9C9F40AE-F011-48EF-B192-B4BA1574E53B}
		{5EB7447E-8A71-7DF9-8CEA-B4B61732F7C5} = {9C9F40AE-F011-48EF-B192-B4BA1574E53B}
		{DD26486E-227F-4654-9E18-2E68975E9E70} = {FD60130E-5A90-48DB-B787-5F8DE23774B7}
		{4E3E90B9-0A69-48D6-9D77-EB01F7AA2006} = {943C1A0B-48D0-4A86-9F3E-8DFEF5405D1B}
	EndGlobalSection
	GlobalSection(ExtensibilityGlobals) = postSolution
		SolutionGuid = {53A7E3C7-3F03-4DD5-8D64-FF05E316E7D7}
	EndGlobalSection
EndGlobal
